
Microsoft Visual Studio Solution File, Format Version 12.00
# Visual Studio 2012
Project("{FAE04EC0-301F-11D3-BF4B-00C04F79EFBC}") = "ListLibrary", "ListLibrary\ListLibrary.csproj", "{7EB32B0F-2083-4844-BA5A-01C8BD55E260}"
EndProject
Global
	GlobalSection(SolutionConfigurationPlatforms) = preSolution
		Debug|Any CPU = Debug|Any CPU
		Release|Any CPU = Release|Any CPU
	EndGlobalSection
	GlobalSection(ProjectConfigurationPlatforms) = postSolution
		{7EB32B0F-2083-4844-BA5A-01C8BD55E260}.Debug|Any CPU.ActiveCfg = Debug|Any CPU
		{7EB32B0F-2083-4844-BA5A-01C8BD55E260}.Debug|Any CPU.Build.0 = Debug|Any CPU
		{7EB32B0F-2083-4844-BA5A-01C8BD55E260}.Release|Any CPU.ActiveCfg = Release|Any CPU
		{7EB32B0F-2083-4844-BA5A-01C8BD55E260}.Release|Any CPU.Build.0 = Release|Any CPU
	EndGlobalSection
	GlobalSection(SolutionProperties) = preSolution
		HideSolutionNode = FALSE
	EndGlobalSection
EndGlobal
